github.com/gregoryv/asserter v0.4.2 h1:uVAXr67ZnAKk6v8+vZc75DXGxE+P7AYCHvCsA7lIDS8=
github.com/gregoryv/asserter v0.4.2/go.mod h1:mJPm04j3XH8husxMfxiRd3m+5YBMZkd2UOKm5BixVXQ=
github.com/gregoryv/gocyclo v0.1.1/go.mod h1:e1PwkEyshvXjhPGP0RUXqlEXx09aBSSNj0wL8I/P/3I=
github.com/gregoryv/qual v0.4.2/go.mod h1:qi5L/TR4lnCuIFsOC2G8dtTOui6787/lFNquekcjxmQ=
github.com/pmezard/go-difflib v1.0.0 h1:4DBwDE0NGyQoBHbLQYPwSUPoCMWR5BEzIk/f1lZbAQM=
github.com/pmezard/go-difflib v1.0.0/go.mod h1:iKH77koFhYxTK1pcRnkKkqfTogsbg7gZNVY4sRDYZ/4=
